// !$*UTF8*$!
{
	archiveVersion = 1;
	classes = {
	};
	objectVersion = 56;
	objects = {

/* Begin PBXBuildFile section */
		348A607A2BA5AA3F009F4578 /* AppDelegate.swift in Sources */ = {isa = PBXBuildFile; fileRef = 348A60792BA5AA3F009F4578 /* AppDelegate.swift */; };
		348A607C2BA5AA3F009F4578 /* SceneDelegate.swift in Sources */ = {isa = PBXBuildFile; fileRef = 348A607B2BA5AA3F009F4578 /* SceneDelegate.swift */; };
		348A607E2BA5AA3F009F4578 /* LoginViewController.swift in Sources */ = {isa = PBXBuildFile; fileRef = 348A607D2BA5AA3F009F4578 /* LoginViewController.swift */; };
		348A60812BA5AA3F009F4578 /* Base in Resources */ = {isa = PBXBuildFile; fileRef = 348A60802BA5AA3F009F4578 /* Base */; };
		348A60832BA5AA40009F4578 /* Assets.xcassets in Resources */ = {isa = PBXBuildFile; fileRef = 348A60822BA5AA40009F4578 /* Assets.xcassets */; };
		348A60862BA5AA40009F4578 /* Base in Resources */ = {isa = PBXBuildFile; fileRef = 348A60852BA5AA40009F4578 /* Base */; };
		348A60AE2BA5AB3F009F4578 /* LoginView.xib in Resources */ = {isa = PBXBuildFile; fileRef = 348A60AD2BA5AB3F009F4578 /* LoginView.xib */; };
		348A60B12BA5AB61009F4578 /* LoginView.swift in Sources */ = {isa = PBXBuildFile; fileRef = 348A60B02BA5AB61009F4578 /* LoginView.swift */; };
		348A60B62BA5B6F6009F4578 /* UIView+Extension.swift in Sources */ = {isa = PBXBuildFile; fileRef = 348A60B52BA5B6F6009F4578 /* UIView+Extension.swift */; };
		348A61092BA5CEA5009F4578 /* GoogleService-Info.plist in Resources */ = {isa = PBXBuildFile; fileRef = 348A61082BA5CEA5009F4578 /* GoogleService-Info.plist */; };
		348A61B72BA60323009F4578 /* FirebaseAuth in Frameworks */ = {isa = PBXBuildFile; productRef = 348A61B62BA60323009F4578 /* FirebaseAuth */; };
		348A61B92BA6033B009F4578 /* GoogleSignIn in Frameworks */ = {isa = PBXBuildFile; productRef = 348A61B82BA6033B009F4578 /* GoogleSignIn */; };
		348A61BB2BA60C5C009F4578 /* GoogleSignInSwift in Frameworks */ = {isa = PBXBuildFile; productRef = 348A61BA2BA60C5C009F4578 /* GoogleSignInSwift */; };
		348A61E02BA6101B009F4578 /* LoginViewModel.swift in Sources */ = {isa = PBXBuildFile; fileRef = 348A61DF2BA6101B009F4578 /* LoginViewModel.swift */; };
		348A61F92BA61ACF009F4578 /* AuthenticationProtocol.swift in Sources */ = {isa = PBXBuildFile; fileRef = 348A61F82BA61ACF009F4578 /* AuthenticationProtocol.swift */; };
		348A61FB2BA61AF6009F4578 /* AuthenticationManager.swift in Sources */ = {isa = PBXBuildFile; fileRef = 348A61FA2BA61AF6009F4578 /* AuthenticationManager.swift */; };
		348A61FD2BA62103009F4578 /* Utilities.swift in Sources */ = {isa = PBXBuildFile; fileRef = 348A61FC2BA62103009F4578 /* Utilities.swift */; };
		349BC8042BA713AE00FE144F /* GoogleSignInResultModel.swift in Sources */ = {isa = PBXBuildFile; fileRef = 349BC8032BA713AE00FE144F /* GoogleSignInResultModel.swift */; };
		349BC8062BA713C800FE144F /* AuthDataResultModel.swift in Sources */ = {isa = PBXBuildFile; fileRef = 349BC8052BA713C800FE144F /* AuthDataResultModel.swift */; };
		34BA91A52BA88FC400B03ED2 /* EmailView.xib in Resources */ = {isa = PBXBuildFile; fileRef = 34BA91A42BA88FC400B03ED2 /* EmailView.xib */; };
		34BA91A72BA88FCF00B03ED2 /* EmailView.swift in Sources */ = {isa = PBXBuildFile; fileRef = 34BA91A62BA88FCF00B03ED2 /* EmailView.swift */; };
/* End PBXBuildFile section */

/* Begin PBXCopyFilesBuildPhase section */
		348A60D92BA5C9A8009F4578 /* Embed Frameworks */ = {
			isa = PBXCopyFilesBuildPhase;
			buildActionMask = 2147483647;
			dstPath = "";
			dstSubfolderSpec = 10;
			files = (
			);
			name = "Embed Frameworks";
			runOnlyForDeploymentPostprocessing = 0;
		};
/* End PBXCopyFilesBuildPhase section */

/* Begin PBXFileReference section */
		348A60762BA5AA3F009F4578 /* Trade.app */ = {isa = PBXFileReference; explicitFileType = wrapper.application; includeInIndex = 0; path = Trade.app; sourceTree = BUILT_PRODUCTS_DIR; };
		348A60792BA5AA3F009F4578 /* AppDelegate.swift */ = {isa = PBXFileReference; lastKnownFileType = sourcecode.swift; path = AppDelegate.swift; sourceTree = "<group>"; };
		348A607B2BA5AA3F009F4578 /* SceneDelegate.swift */ = {isa = PBXFileReference; lastKnownFileType = sourcecode.swift; path = SceneDelegate.swift; sourceTree = "<group>"; };
		348A607D2BA5AA3F009F4578 /* LoginViewController.swift */ = {isa = PBXFileReference; lastKnownFileType = sourcecode.swift; path = LoginViewController.swift; sourceTree = "<group>"; };
		348A60802BA5AA3F009F4578 /* Base */ = {isa = PBXFileReference; lastKnownFileType = file.storyboard; name = Base; path = Base.lproj/Main.storyboard; sourceTree = "<group>"; };
		348A60822BA5AA40009F4578 /* Assets.xcassets */ = {isa = PBXFileReference; lastKnownFileType = folder.assetcatalog; path = Assets.xcassets; sourceTree = "<group>"; };
		348A60852BA5AA40009F4578 /* Base */ = {isa = PBXFileReference; lastKnownFileType = file.storyboard; name = Base; path = Base.lproj/LaunchScreen.storyboard; sourceTree = "<group>"; };
		348A60872BA5AA40009F4578 /* Info.plist */ = {isa = PBXFileReference; lastKnownFileType = text.plist.xml; path = Info.plist; sourceTree = "<group>"; };
		348A60AD2BA5AB3F009F4578 /* LoginView.xib */ = {isa = PBXFileReference; lastKnownFileType = file.xib; path = LoginView.xib; sourceTree = "<group>"; };
		348A60B02BA5AB61009F4578 /* LoginView.swift */ = {isa = PBXFileReference; lastKnownFileType = sourcecode.swift; path = LoginView.swift; sourceTree = "<group>"; };
		348A60B52BA5B6F6009F4578 /* UIView+Extension.swift */ = {isa = PBXFileReference; lastKnownFileType = sourcecode.swift; path = "UIView+Extension.swift"; sourceTree = "<group>"; };
		348A61082BA5CEA5009F4578 /* GoogleService-Info.plist */ = {isa = PBXFileReference; fileEncoding = 4; lastKnownFileType = text.plist.xml; path = "GoogleService-Info.plist"; sourceTree = "<group>"; };
		348A61DF2BA6101B009F4578 /* LoginViewModel.swift */ = {isa = PBXFileReference; lastKnownFileType = sourcecode.swift; path = LoginViewModel.swift; sourceTree = "<group>"; };
		348A61F82BA61ACF009F4578 /* AuthenticationProtocol.swift */ = {isa = PBXFileReference; lastKnownFileType = sourcecode.swift; path = AuthenticationProtocol.swift; sourceTree = "<group>"; };
		348A61FA2BA61AF6009F4578 /* AuthenticationManager.swift */ = {isa = PBXFileReference; lastKnownFileType = sourcecode.swift; path = AuthenticationManager.swift; sourceTree = "<group>"; };
		348A61FC2BA62103009F4578 /* Utilities.swift */ = {isa = PBXFileReference; lastKnownFileType = sourcecode.swift; path = Utilities.swift; sourceTree = "<group>"; };
		349BC8032BA713AE00FE144F /* GoogleSignInResultModel.swift */ = {isa = PBXFileReference; lastKnownFileType = sourcecode.swift; path = GoogleSignInResultModel.swift; sourceTree = "<group>"; };
		349BC8052BA713C800FE144F /* AuthDataResultModel.swift */ = {isa = PBXFileReference; lastKnownFileType = sourcecode.swift; path = AuthDataResultModel.swift; sourceTree = "<group>"; };
		34BA91A42BA88FC400B03ED2 /* EmailView.xib */ = {isa = PBXFileReference; lastKnownFileType = file.xib; path = EmailView.xib; sourceTree = "<group>"; };
		34BA91A62BA88FCF00B03ED2 /* EmailView.swift */ = {isa = PBXFileReference; lastKnownFileType = sourcecode.swift; path = EmailView.swift; sourceTree = "<group>"; };
/* End PBXFileReference section */

/* Begin PBXFrameworksBuildPhase section */
		348A60732BA5AA3F009F4578 /* Frameworks */ = {
			isa = PBXFrameworksBuildPhase;
			buildActionMask = 2147483647;
			files = (
				348A61BB2BA60C5C009F4578 /* GoogleSignInSwift in Frameworks */,
				348A61B72BA60323009F4578 /* FirebaseAuth in Frameworks */,
				348A61B92BA6033B009F4578 /* GoogleSignIn in Frameworks */,
			);
			runOnlyForDeploymentPostprocessing = 0;
		};
/* End PBXFrameworksBuildPhase section */

/* Begin PBXGroup section */
		348A606D2BA5AA3F009F4578 = {
			isa = PBXGroup;
			children = (
				348A60782BA5AA3F009F4578 /* Trade */,
				348A60772BA5AA3F009F4578 /* Products */,
				348A61B52BA60323009F4578 /* Frameworks */,
			);
			sourceTree = "<group>";
		};
		348A60772BA5AA3F009F4578 /* Products */ = {
			isa = PBXGroup;
			children = (
				348A60762BA5AA3F009F4578 /* Trade.app */,
			);
			name = Products;
			sourceTree = "<group>";
		};
		348A60782BA5AA3F009F4578 /* Trade */ = {
			isa = PBXGroup;
			children = (
				349BC8022BA7139F00FE144F /* Models */,
				348A61F72BA61ABA009F4578 /* Service Managers */,
				348A61F62BA61AAD009F4578 /* Service Protocols */,
				348A61DE2BA61009009F4578 /* ViewModels */,
				348A61052BA5CCD0009F4578 /* GoogleService-Info */,
				348A60B42BA5B6E0009F4578 /* Extensions */,
				348A60AC2BA5AADB009F4578 /* Storyboards */,
				348A60AB2BA5AAD3009F4578 /* Views */,
				348A60AA2BA5AAC9009F4578 /* View Controllers */,
				348A60A92BA5AA78009F4578 /* Supporting Files */,
				348A60872BA5AA40009F4578 /* Info.plist */,
			);
			path = Trade;
			sourceTree = "<group>";
		};
		348A60A92BA5AA78009F4578 /* Supporting Files */ = {
			isa = PBXGroup;
			children = (
				348A60822BA5AA40009F4578 /* Assets.xcassets */,
				348A607B2BA5AA3F009F4578 /* SceneDelegate.swift */,
				348A60792BA5AA3F009F4578 /* AppDelegate.swift */,
			);
			path = "Supporting Files";
			sourceTree = "<group>";
		};
		348A60AA2BA5AAC9009F4578 /* View Controllers */ = {
			isa = PBXGroup;
			children = (
				348A607D2BA5AA3F009F4578 /* LoginViewController.swift */,
			);
			path = "View Controllers";
			sourceTree = "<group>";
		};
		348A60AB2BA5AAD3009F4578 /* Views */ = {
			isa = PBXGroup;
			children = (
				34BA91A32BA88FB500B03ED2 /* EmailView */,
				348A60AF2BA5AB44009F4578 /* LoginView */,
			);
			path = Views;
			sourceTree = "<group>";
		};
		348A60AC2BA5AADB009F4578 /* Storyboards */ = {
			isa = PBXGroup;
			children = (
				348A60842BA5AA40009F4578 /* LaunchScreen.storyboard */,
				348A607F2BA5AA3F009F4578 /* Main.storyboard */,
			);
			path = Storyboards;
			sourceTree = "<group>";
		};
		348A60AF2BA5AB44009F4578 /* LoginView */ = {
			isa = PBXGroup;
			children = (
				348A60AD2BA5AB3F009F4578 /* LoginView.xib */,
				348A60B02BA5AB61009F4578 /* LoginView.swift */,
			);
			path = LoginView;
			sourceTree = "<group>";
		};
		348A60B42BA5B6E0009F4578 /* Extensions */ = {
			isa = PBXGroup;
			children = (
				348A60B52BA5B6F6009F4578 /* UIView+Extension.swift */,
				348A61FC2BA62103009F4578 /* Utilities.swift */,
			);
			path = Extensions;
			sourceTree = "<group>";
		};
		348A61052BA5CCD0009F4578 /* GoogleService-Info */ = {
			isa = PBXGroup;
			children = (
				348A61082BA5CEA5009F4578 /* GoogleService-Info.plist */,
			);
			path = "GoogleService-Info";
			sourceTree = "<group>";
		};
		348A61B52BA60323009F4578 /* Frameworks */ = {
			isa = PBXGroup;
			children = (
			);
			name = Frameworks;
			sourceTree = "<group>";
		};
		348A61DE2BA61009009F4578 /* ViewModels */ = {
			isa = PBXGroup;
			children = (
				348A61DF2BA6101B009F4578 /* LoginViewModel.swift */,
			);
			path = ViewModels;
			sourceTree = "<group>";
		};
		348A61F62BA61AAD009F4578 /* Service Protocols */ = {
			isa = PBXGroup;
			children = (
				348A61F82BA61ACF009F4578 /* AuthenticationProtocol.swift */,
			);
			path = "Service Protocols";
			sourceTree = "<group>";
		};
		348A61F72BA61ABA009F4578 /* Service Managers */ = {
			isa = PBXGroup;
			children = (
				348A61FA2BA61AF6009F4578 /* AuthenticationManager.swift */,
			);
			path = "Service Managers";
			sourceTree = "<group>";
		};
		349BC8022BA7139F00FE144F /* Models */ = {
			isa = PBXGroup;
			children = (
				349BC8032BA713AE00FE144F /* GoogleSignInResultModel.swift */,
				349BC8052BA713C800FE144F /* AuthDataResultModel.swift */,
			);
			path = Models;
			sourceTree = "<group>";
		};
		34BA91A32BA88FB500B03ED2 /* EmailView */ = {
			isa = PBXGroup;
			children = (
				34BA91A42BA88FC400B03ED2 /* EmailView.xib */,
				34BA91A62BA88FCF00B03ED2 /* EmailView.swift */,
			);
			path = EmailView;
			sourceTree = "<group>";
		};
/* End PBXGroup section */

/* Begin PBXNativeTarget section */
		348A60752BA5AA3F009F4578 /* Trade */ = {
			isa = PBXNativeTarget;
			buildConfigurationList = 348A60A02BA5AA40009F4578 /* Build configuration list for PBXNativeTarget "Trade" */;
			buildPhases = (
				348A60722BA5AA3F009F4578 /* Sources */,
				348A60732BA5AA3F009F4578 /* Frameworks */,
				348A60742BA5AA3F009F4578 /* Resources */,
				348A60D92BA5C9A8009F4578 /* Embed Frameworks */,
			);
			buildRules = (
			);
			dependencies = (
			);
			name = Trade;
			packageProductDependencies = (
				348A61B62BA60323009F4578 /* FirebaseAuth */,
				348A61B82BA6033B009F4578 /* GoogleSignIn */,
				348A61BA2BA60C5C009F4578 /* GoogleSignInSwift */,
			);
			productName = Trade;
			productReference = 348A60762BA5AA3F009F4578 /* Trade.app */;
			productType = "com.apple.product-type.application";
		};
/* End PBXNativeTarget section */

/* Begin PBXProject section */
		348A606E2BA5AA3F009F4578 /* Project object */ = {
			isa = PBXProject;
			attributes = {
				BuildIndependentTargetsInParallel = 1;
				LastSwiftUpdateCheck = 1530;
				LastUpgradeCheck = 1530;
				TargetAttributes = {
					348A60752BA5AA3F009F4578 = {
						CreatedOnToolsVersion = 15.3;
					};
				};
			};
			buildConfigurationList = 348A60712BA5AA3F009F4578 /* Build configuration list for PBXProject "Trade" */;
			compatibilityVersion = "Xcode 14.0";
			developmentRegion = en;
			hasScannedForEncodings = 0;
			knownRegions = (
				en,
				Base,
			);
			mainGroup = 348A606D2BA5AA3F009F4578;
			packageReferences = (
				348A60FF2BA5CB02009F4578 /* XCRemoteSwiftPackageReference "firebase-ios-sdk" */,
				348A61022BA5CB39009F4578 /* XCRemoteSwiftPackageReference "GoogleSignIn-iOS" */,
			);
			productRefGroup = 348A60772BA5AA3F009F4578 /* Products */;
			projectDirPath = "";
			projectRoot = "";
			targets = (
				348A60752BA5AA3F009F4578 /* Trade */,
			);
		};
/* End PBXProject section */

/* Begin PBXResourcesBuildPhase section */
		348A60742BA5AA3F009F4578 /* Resources */ = {
			isa = PBXResourcesBuildPhase;
			buildActionMask = 2147483647;
			files = (
				348A60832BA5AA40009F4578 /* Assets.xcassets in Resources */,
				348A60862BA5AA40009F4578 /* Base in Resources */,
				348A61092BA5CEA5009F4578 /* GoogleService-Info.plist in Resources */,
				34BA91A52BA88FC400B03ED2 /* EmailView.xib in Resources */,
				348A60AE2BA5AB3F009F4578 /* LoginView.xib in Resources */,
				348A60812BA5AA3F009F4578 /* Base in Resources */,
			);
			runOnlyForDeploymentPostprocessing = 0;
		};
/* End PBXResourcesBuildPhase section */

/* Begin PBXSourcesBuildPhase section */
		348A60722BA5AA3F009F4578 /* Sources */ = {
			isa = PBXSourcesBuildPhase;
			buildActionMask = 2147483647;
			files = (
				348A607E2BA5AA3F009F4578 /* LoginViewController.swift in Sources */,
				348A61FB2BA61AF6009F4578 /* AuthenticationManager.swift in Sources */,
				348A607A2BA5AA3F009F4578 /* AppDelegate.swift in Sources */,
				348A61E02BA6101B009F4578 /* LoginViewModel.swift in Sources */,
				348A61FD2BA62103009F4578 /* Utilities.swift in Sources */,
				34BA91A72BA88FCF00B03ED2 /* EmailView.swift in Sources */,
				348A60B12BA5AB61009F4578 /* LoginView.swift in Sources */,
				349BC8062BA713C800FE144F /* AuthDataResultModel.swift in Sources */,
				348A60B62BA5B6F6009F4578 /* UIView+Extension.swift in Sources */,
				348A607C2BA5AA3F009F4578 /* SceneDelegate.swift in Sources */,
				348A61F92BA61ACF009F4578 /* AuthenticationProtocol.swift in Sources */,
				349BC8042BA713AE00FE144F /* GoogleSignInResultModel.swift in Sources */,
			);
			runOnlyForDeploymentPostprocessing = 0;
		};
/* End PBXSourcesBuildPhase section */

/* Begin PBXVariantGroup section */
		348A607F2BA5AA3F009F4578 /* Main.storyboard */ = {
			isa = PBXVariantGroup;
			children = (
				348A60802BA5AA3F009F4578 /* Base */,
			);
			name = Main.storyboard;
			sourceTree = "<group>";
		};
		348A60842BA5AA40009F4578 /* LaunchScreen.storyboard */ = {
			isa = PBXVariantGroup;
			children = (
				348A60852BA5AA40009F4578 /* Base */,
			);
			name = LaunchScreen.storyboard;
			sourceTree = "<group>";
		};
/* End PBXVariantGroup section */

/* Begin XCBuildConfiguration section */
		348A609E2BA5AA40009F4578 /* Debug */ = {
			isa = XCBuildConfiguration;
			buildSettings = {
				ALWAYS_SEARCH_USER_PATHS = NO;
				ASSETCATALOG_COMPILER_GENERATE_SWIFT_ASSET_SYMBOL_EXTENSIONS = YES;
				CLANG_ANALYZER_NONNULL = YES;
				CLANG_ANALYZER_NUMBER_OBJECT_CONVERSION = YES_AGGRESSIVE;
				CLANG_CXX_LANGUAGE_STANDARD = "gnu++20";
				CLANG_ENABLE_MODULES = YES;
				CLANG_ENABLE_OBJC_ARC = YES;
				CLANG_ENABLE_OBJC_WEAK = YES;
				CLANG_WARN_BLOCK_CAPTURE_AUTORELEASING = YES;
				CLANG_WARN_BOOL_CONVERSION = YES;
				CLANG_WARN_COMMA = YES;
				CLANG_WARN_CONSTANT_CONVERSION = YES;
				CLANG_WARN_DEPRECATED_OBJC_IMPLEMENTATIONS = YES;
				CLANG_WARN_DIRECT_OBJC_ISA_USAGE = YES_ERROR;
				CLANG_WARN_DOCUMENTATION_COMMENTS = YES;
				CLANG_WARN_EMPTY_BODY = YES;
				CLANG_WARN_ENUM_CONVERSION = YES;
				CLANG_WARN_INFINITE_RECURSION = YES;
				CLANG_WARN_INT_CONVERSION = YES;
				CLANG_WARN_NON_LITERAL_NULL_CONVERSION = YES;
				CLANG_WARN_OBJC_IMPLICIT_RETAIN_SELF = YES;
				CLANG_WARN_OBJC_LITERAL_CONVERSION = YES;
				CLANG_WARN_OBJC_ROOT_CLASS = YES_ERROR;
				CLANG_WARN_QUOTED_INCLUDE_IN_FRAMEWORK_HEADER = YES;
				CLANG_WARN_RANGE_LOOP_ANALYSIS = YES;
				CLANG_WARN_STRICT_PROTOTYPES = YES;
				CLANG_WARN_SUSPICIOUS_MOVE = YES;
				CLANG_WARN_UNGUARDED_AVAILABILITY = YES_AGGRESSIVE;
				CLANG_WARN_UNREACHABLE_CODE = YES;
				CLANG_WARN__DUPLICATE_METHOD_MATCH = YES;
				COPY_PHASE_STRIP = NO;
				DEBUG_INFORMATION_FORMAT = dwarf;
				ENABLE_STRICT_OBJC_MSGSEND = YES;
				ENABLE_TESTABILITY = YES;
				ENABLE_USER_SCRIPT_SANDBOXING = YES;
				GCC_C_LANGUAGE_STANDARD = gnu17;
				GCC_DYNAMIC_NO_PIC = NO;
				GCC_NO_COMMON_BLOCKS = YES;
				GCC_OPTIMIZATION_LEVEL = 0;
				GCC_PREPROCESSOR_DEFINITIONS = (
					"DEBUG=1",
					"$(inherited)",
				);
				GCC_WARN_64_TO_32_BIT_CONVERSION = YES;
				GCC_WARN_ABOUT_RETURN_TYPE = YES_ERROR;
				GCC_WARN_UNDECLARED_SELECTOR = YES;
				GCC_WARN_UNINITIALIZED_AUTOS = YES_AGGRESSIVE;
				GCC_WARN_UNUSED_FUNCTION = YES;
				GCC_WARN_UNUSED_VARIABLE = YES;
				IPHONEOS_DEPLOYMENT_TARGET = 17.4;
				LOCALIZATION_PREFERS_STRING_CATALOGS = YES;
				MTL_ENABLE_DEBUG_INFO = INCLUDE_SOURCE;
				MTL_FAST_MATH = YES;
				ONLY_ACTIVE_ARCH = YES;
				SDKROOT = iphoneos;
				SWIFT_ACTIVE_COMPILATION_CONDITIONS = "DEBUG $(inherited)";
				SWIFT_OPTIMIZATION_LEVEL = "-Onone";
			};
			name = Debug;
		};
		348A609F2BA5AA40009F4578 /* Release */ = {
			isa = XCBuildConfiguration;
			buildSettings = {
				ALWAYS_SEARCH_USER_PATHS = NO;
				ASSETCATALOG_COMPILER_GENERATE_SWIFT_ASSET_SYMBOL_EXTENSIONS = YES;
				CLANG_ANALYZER_NONNULL = YES;
				CLANG_ANALYZER_NUMBER_OBJECT_CONVERSION = YES_AGGRESSIVE;
				CLANG_CXX_LANGUAGE_STANDARD = "gnu++20";
				CLANG_ENABLE_MODULES = YES;
				CLANG_ENABLE_OBJC_ARC = YES;
				CLANG_ENABLE_OBJC_WEAK = YES;
				CLANG_WARN_BLOCK_CAPTURE_AUTORELEASING = YES;
				CLANG_WARN_BOOL_CONVERSION = YES;
				CLANG_WARN_COMMA = YES;
				CLANG_WARN_CONSTANT_CONVERSION = YES;
				CLANG_WARN_DEPRECATED_OBJC_IMPLEMENTATIONS = YES;
				CLANG_WARN_DIRECT_OBJC_ISA_USAGE = YES_ERROR;
				CLANG_WARN_DOCUMENTATION_COMMENTS = YES;
				CLANG_WARN_EMPTY_BODY = YES;
				CLANG_WARN_ENUM_CONVERSION = YES;
				CLANG_WARN_INFINITE_RECURSION = YES;
				CLANG_WARN_INT_CONVERSION = YES;
				CLANG_WARN_NON_LITERAL_NULL_CONVERSION = YES;
				CLANG_WARN_OBJC_IMPLICIT_RETAIN_SELF = YES;
				CLANG_WARN_OBJC_LITERAL_CONVERSION = YES;
				CLANG_WARN_OBJC_ROOT_CLASS = YES_ERROR;
				CLANG_WARN_QUOTED_INCLUDE_IN_FRAMEWORK_HEADER = YES;
				CLANG_WARN_RANGE_LOOP_ANALYSIS = YES;
				CLANG_WARN_STRICT_PROTOTYPES = YES;
				CLANG_WARN_SUSPICIOUS_MOVE = YES;
				CLANG_WARN_UNGUARDED_AVAILABILITY = YES_AGGRESSIVE;
				CLANG_WARN_UNREACHABLE_CODE = YES;
				CLANG_WARN__DUPLICATE_METHOD_MATCH = YES;
				COPY_PHASE_STRIP = NO;
				DEBUG_INFORMATION_FORMAT = "dwarf-with-dsym";
				ENABLE_NS_ASSERTIONS = NO;
				ENABLE_STRICT_OBJC_MSGSEND = YES;
				ENABLE_USER_SCRIPT_SANDBOXING = YES;
				GCC_C_LANGUAGE_STANDARD = gnu17;
				GCC_NO_COMMON_BLOCKS = YES;
				GCC_WARN_64_TO_32_BIT_CONVERSION = YES;
				GCC_WARN_ABOUT_RETURN_TYPE = YES_ERROR;
				GCC_WARN_UNDECLARED_SELECTOR = YES;
				GCC_WARN_UNINITIALIZED_AUTOS = YES_AGGRESSIVE;
				GCC_WARN_UNUSED_FUNCTION = YES;
				GCC_WARN_UNUSED_VARIABLE = YES;
				IPHONEOS_DEPLOYMENT_TARGET = 17.4;
				LOCALIZATION_PREFERS_STRING_CATALOGS = YES;
				MTL_ENABLE_DEBUG_INFO = NO;
				MTL_FAST_MATH = YES;
				SDKROOT = iphoneos;
				SWIFT_COMPILATION_MODE = wholemodule;
				VALIDATE_PRODUCT = YES;
			};
			name = Release;
		};
		348A60A12BA5AA40009F4578 /* Debug */ = {
			isa = XCBuildConfiguration;
			buildSettings = {
				ASSETCATALOG_COMPILER_APPICON_NAME = AppIcon;
				ASSETCATALOG_COMPILER_GLOBAL_ACCENT_COLOR_NAME = AccentColor;
				CODE_SIGN_STYLE = Automatic;
				CURRENT_PROJECT_VERSION = 1;
				DEVELOPMENT_TEAM = 375U999S53;
				GENERATE_INFOPLIST_FILE = YES;
				INFOPLIST_FILE = Trade/Info.plist;
				INFOPLIST_KEY_UIApplicationSupportsIndirectInputEvents = YES;
				INFOPLIST_KEY_UILaunchStoryboardName = LaunchScreen;
				INFOPLIST_KEY_UIMainStoryboardFile = Main;
				INFOPLIST_KEY_UISupportedInterfaceOrientations_iPad = "UIInterfaceOrientationPortrait UIInterfaceOrientationPortraitUpsideDown UIInterfaceOrientationLandscapeLeft UIInterfaceOrientationLandscapeRight";
				INFOPLIST_KEY_UISupportedInterfaceOrientations_iPhone = "UIInterfaceOrientationPortrait UIInterfaceOrientationLandscapeLeft UIInterfaceOrientationLandscapeRight";
				LD_RUNPATH_SEARCH_PATHS = (
					"$(inherited)",
					"@executable_path/Frameworks",
				);
				MARKETING_VERSION = 1.0;
				PRODUCT_BUNDLE_IDENTIFIER = com.mobility.Trade;
				PRODUCT_NAME = "$(TARGET_NAME)";
				SWIFT_EMIT_LOC_STRINGS = YES;
				SWIFT_VERSION = 5.0;
				TARGETED_DEVICE_FAMILY = "1,2";
			};
			name = Debug;
		};
		348A60A22BA5AA40009F4578 /* Release */ = {
			isa = XCBuildConfiguration;
			buildSettings = {
				ASSETCATALOG_COMPILER_APPICON_NAME = AppIcon;
				ASSETCATALOG_COMPILER_GLOBAL_ACCENT_COLOR_NAME = AccentColor;
				CODE_SIGN_STYLE = Automatic;
				CURRENT_PROJECT_VERSION = 1;
				DEVELOPMENT_TEAM = 375U999S53;
				GENERATE_INFOPLIST_FILE = YES;
				INFOPLIST_FILE = Trade/Info.plist;
				INFOPLIST_KEY_UIApplicationSupportsIndirectInputEvents = YES;
				INFOPLIST_KEY_UILaunchStoryboardName = LaunchScreen;
				INFOPLIST_KEY_UIMainStoryboardFile = Main;
				INFOPLIST_KEY_UISupportedInterfaceOrientations_iPad = "UIInterfaceOrientationPortrait UIInterfaceOrientationPortraitUpsideDown UIInterfaceOrientationLandscapeLeft UIInterfaceOrientationLandscapeRight";
				INFOPLIST_KEY_UISupportedInterfaceOrientations_iPhone = "UIInterfaceOrientationPortrait UIInterfaceOrientationLandscapeLeft UIInterfaceOrientationLandscapeRight";
				LD_RUNPATH_SEARCH_PATHS = (
					"$(inherited)",
					"@executable_path/Frameworks",
				);
				MARKETING_VERSION = 1.0;
				PRODUCT_BUNDLE_IDENTIFIER = com.mobility.Trade;
				PRODUCT_NAME = "$(TARGET_NAME)";
				SWIFT_EMIT_LOC_STRINGS = YES;
				SWIFT_VERSION = 5.0;
				TARGETED_DEVICE_FAMILY = "1,2";
			};
			name = Release;
		};
/* End XCBuildConfiguration section */

/* Begin XCConfigurationList section */
		348A60712BA5AA3F009F4578 /* Build configuration list for PBXProject "Trade" */ = {
			isa = XCConfigurationList;
			buildConfigurations = (
				348A609E2BA5AA40009F4578 /* Debug */,
				348A609F2BA5AA40009F4578 /* Release */,
			);
			defaultConfigurationIsVisible = 0;
			defaultConfigurationName = Release;
		};
		348A60A02BA5AA40009F4578 /* Build configuration list for PBXNativeTarget "Trade" */ = {
			isa = XCConfigurationList;
			buildConfigurations = (
				348A60A12BA5AA40009F4578 /* Debug */,
				348A60A22BA5AA40009F4578 /* Release */,
			);
			defaultConfigurationIsVisible = 0;
			defaultConfigurationName = Release;
		};
/* End XCConfigurationList section */

/* Begin XCRemoteSwiftPackageReference section */
		348A60FF2BA5CB02009F4578 /* XCRemoteSwiftPackageReference "firebase-ios-sdk" */ = {
			isa = XCRemoteSwiftPackageReference;
			repositoryURL = "https://github.com/firebase/firebase-ios-sdk.git";
			requirement = {
				kind = upToNextMajorVersion;
				minimumVersion = 10.22.1;
			};
		};
		348A61022BA5CB39009F4578 /* XCRemoteSwiftPackageReference "GoogleSignIn-iOS" */ = {
			isa = XCRemoteSwiftPackageReference;
			repositoryURL = "https://github.com/google/GoogleSignIn-iOS";
			requirement = {
				kind = upToNextMajorVersion;
				minimumVersion = 7.0.0;
			};
		};
/* End XCRemoteSwiftPackageReference section */

/* Begin XCSwiftPackageProductDependency section */
		348A61B62BA60323009F4578 /* FirebaseAuth */ = {
			isa = XCSwiftPackageProductDependency;
			package = 348A60FF2BA5CB02009F4578 /* XCRemoteSwiftPackageReference "firebase-ios-sdk" */;
			productName = FirebaseAuth;
		};
		348A61B82BA6033B009F4578 /* GoogleSignIn */ = {
			isa = XCSwiftPackageProductDependency;
			package = 348A61022BA5CB39009F4578 /* XCRemoteSwiftPackageReference "GoogleSignIn-iOS" */;
			productName = GoogleSignIn;
		};
		348A61BA2BA60C5C009F4578 /* GoogleSignInSwift */ = {
			isa = XCSwiftPackageProductDependency;
			package = 348A61022BA5CB39009F4578 /* XCRemoteSwiftPackageReference "GoogleSignIn-iOS" */;
			productName = GoogleSignInSwift;
		};
/* End XCSwiftPackageProductDependency section */
	};
	rootObject = 348A606E2BA5AA3F009F4578 /* Project object */;
}
